
Microsoft Visual Studio Solution File, Format Version 12.00
# Visual Studio Version 17
VisualStudioVersion = 17.5.33414.496
MinimumVisualStudioVersion = 10.0.40219.1
Project("{FAE04EC0-301F-11D3-BF4B-00C04F79EFBC}") = "modul8_1302210101", "modul8_1302210101\modul8_1302210101.csproj", "{F15A5E57-4C59-4DF5-A94E-95D220A47E98}"
EndProject
Global
	GlobalSection(SolutionConfigurationPlatforms) = preSolution
		Debug|Any CPU = Debug|Any CPU
		Release|Any CPU = Release|Any CPU
	EndGlobalSection
	GlobalSection(ProjectConfigurationPlatforms) = postSolution
		{F15A5E57-4C59-4DF5-A94E-95D220A47E98}.Debug|Any CPU.ActiveCfg = Debug|Any CPU
		{F15A5E57-4C59-4DF5-A94E-95D220A47E98}.Debug|Any CPU.Build.0 = Debug|Any CPU
		{F15A5E57-4C59-4DF5-A94E-95D220A47E98}.Release|Any CPU.ActiveCfg = Release|Any CPU
		{F15A5E57-4C59-4DF5-A94E-95D220A47E98}.Release|Any CPU.Build.0 = Release|Any CPU
	EndGlobalSection
	GlobalSection(SolutionProperties) = preSolution
		HideSolutionNode = FALSE
	EndGlobalSection
	GlobalSection(ExtensibilityGlobals) = postSolution
		SolutionGuid = {E6A7D2EB-19A3-4F8C-A3DD-A9C52B3BBB30}
	EndGlobalSection
EndGlobal
